lockVersion: 2.0.0
id: 7ebb3741-2ac6-4c7d-96db-cce06c3d2bb5
management:
  docChecksum: 2789f397868dd60c695104a366325f6b
  docVersion: 2.6.13
  speakeasyVersion: internal
  generationVersion: 2.230.3
  releaseVersion: 0.2.0
  configChecksum: 08e534281040ac627259dfda2e6cf28e
features:
  terraform:
    constsAndDefaults: 0.1.2
    core: 3.8.1
    deprecations: 2.81.1
    globalSecurity: 2.81.2
    globalServerURLs: 2.82.1
    groups: 2.81.2
    inputOutputModels: 2.83.0
    methodSecurity: 2.82.0
    nameOverrides: 2.81.1
    typeOverrides: 2.81.1
    unions: 2.81.7
generatedFiles:
  - internal/sdk/pipeline.go
  - internal/sdk/model.go
  - internal/sdk/connection.go
  - internal/sdk/team.go
  - internal/sdk/user.go
  - internal/sdk/dbtschedule.go
  - internal/sdk/sdk.go
  - examples/README.md
  - go.mod
  - go.sum
  - internal/planmodifiers/boolplanmodifier/suppress_diff.go
  - internal/planmodifiers/float64planmodifier/suppress_diff.go
  - internal/planmodifiers/int64planmodifier/suppress_diff.go
  - internal/planmodifiers/listplanmodifier/suppress_diff.go
  - internal/planmodifiers/mapplanmodifier/suppress_diff.go
  - internal/planmodifiers/numberplanmodifier/suppress_diff.go
  - internal/planmodifiers/objectplanmodifier/suppress_diff.go
  - internal/planmodifiers/setplanmodifier/suppress_diff.go
  - internal/planmodifiers/stringplanmodifier/suppress_diff.go
  - internal/planmodifiers/utils/state_check.go
  - internal/provider/reflect/diags.go
  - internal/provider/reflect/doc.go
  - internal/provider/reflect/generic_attr_value.go
  - internal/provider/reflect/helpers.go
  - internal/provider/reflect/interfaces.go
  - internal/provider/reflect/into.go
  - internal/provider/reflect/map.go
  - internal/provider/reflect/number.go
  - internal/provider/reflect/options.go
  - internal/provider/reflect/outof.go
  - internal/provider/reflect/pointer.go
  - internal/provider/reflect/primitive.go
  - internal/provider/reflect/slice.go
  - internal/provider/reflect/struct.go
  - internal/provider/utils.go
  - internal/sdk/pkg/models/sdkerrors/sdkerror.go
  - internal/sdk/pkg/types/bigint.go
  - internal/sdk/pkg/types/date.go
  - internal/sdk/pkg/types/datetime.go
  - internal/sdk/pkg/types/decimal.go
  - internal/sdk/pkg/types/pointers.go
  - internal/sdk/pkg/utils/contenttype.go
  - internal/sdk/pkg/utils/form.go
  - internal/sdk/pkg/utils/headers.go
  - internal/sdk/pkg/utils/json.go
  - internal/sdk/pkg/utils/pathparams.go
  - internal/sdk/pkg/utils/queryparams.go
  - internal/sdk/pkg/utils/requestbody.go
  - internal/sdk/pkg/utils/retries.go
  - internal/sdk/pkg/utils/security.go
  - internal/sdk/pkg/utils/utils.go
  - internal/validators/DateValidator.go
  - internal/validators/ExactlyOneChild.go
  - internal/validators/JSONParseValidator.go
  - internal/validators/RFC3339Validator.go
  - internal/validators/boolvalidators/not_null.go
  - internal/validators/float64validators/not_null.go
  - internal/validators/int64validators/not_null.go
  - internal/validators/listvalidators/not_null.go
  - internal/validators/mapvalidators/not_null.go
  - internal/validators/numbervalidators/not_null.go
  - internal/validators/objectvalidators/not_null.go
  - internal/validators/setvalidators/not_null.go
  - internal/validators/stringvalidators/not_null.go
  - main.go
  - terraform-registry-manifest.json
  - tools/tools.go
  - internal/sdk/pkg/models/operations/getpipeline.go
  - internal/sdk/pkg/models/operations/updatepipeline.go
  - internal/sdk/pkg/models/operations/deletepipeline.go
  - internal/sdk/pkg/models/operations/getpipelines.go
  - internal/sdk/pkg/models/operations/createpipeline.go
  - internal/sdk/pkg/models/operations/addscripttopipeline.go
  - internal/sdk/pkg/models/operations/getscriptforpipeline.go
  - internal/sdk/pkg/models/operations/refreshpipeline.go
  - internal/sdk/pkg/models/operations/retractevent.go
  - internal/sdk/pkg/models/operations/getpipelinegrants.go
  - internal/sdk/pkg/models/operations/grantaccesstopipeline.go
  - internal/sdk/pkg/models/operations/removeaccesstopipeline.go
  - internal/sdk/pkg/models/operations/getmodels.go
  - internal/sdk/pkg/models/operations/createmodel.go
  - internal/sdk/pkg/models/operations/getmodel.go
  - internal/sdk/pkg/models/operations/updatemodel.go
  - internal/sdk/pkg/models/operations/deletemodel.go
  - internal/sdk/pkg/models/operations/refreshmodel.go
  - internal/sdk/pkg/models/operations/getmodelgrants.go
  - internal/sdk/pkg/models/operations/grantaccesstomodel.go
  - internal/sdk/pkg/models/operations/removeaccesstomodel.go
  - internal/sdk/pkg/models/operations/getconnections.go
  - internal/sdk/pkg/models/operations/createconnection.go
  - internal/sdk/pkg/models/operations/getconnection.go
  - internal/sdk/pkg/models/operations/deleteconnection.go
  - internal/sdk/pkg/models/operations/updateconnection.go
  - internal/sdk/pkg/models/operations/getconnectiongrants.go
  - internal/sdk/pkg/models/operations/grantaccesstoconnection.go
  - internal/sdk/pkg/models/operations/removeaccesstoconnection.go
  - internal/sdk/pkg/models/operations/updateconnectiongrantprivilege.go
  - internal/sdk/pkg/models/operations/initiateoauth2.go
  - internal/sdk/pkg/models/operations/oauth2internalcallback.go
  - internal/sdk/pkg/models/operations/restartcdcprocess.go
  - internal/sdk/pkg/models/operations/getteams.go
  - internal/sdk/pkg/models/operations/createteam.go
  - internal/sdk/pkg/models/operations/getteam.go
  - internal/sdk/pkg/models/operations/deleteteam.go
  - internal/sdk/pkg/models/operations/addmemberstoteam.go
  - internal/sdk/pkg/models/operations/removeteammember.go
  - internal/sdk/pkg/models/operations/getusers.go
  - internal/sdk/pkg/models/operations/createdbtschedules.go
  - internal/sdk/pkg/models/operations/getdbtschedule.go
  - internal/sdk/pkg/models/operations/updatedbtschedule.go
  - internal/sdk/pkg/models/operations/deletedbtschedule.go
  - internal/sdk/pkg/models/shared/errors.go
  - internal/sdk/pkg/models/shared/pipelineoutput.go
  - internal/sdk/pkg/models/shared/refreshscheduletypes.go
  - internal/sdk/pkg/models/shared/refreshschedulemodenever.go
  - internal/sdk/pkg/models/shared/refreshschedulemodehourly.go
  - internal/sdk/pkg/models/shared/refreshschedulemodedaily.go
  - internal/sdk/pkg/models/shared/refreshschedulemodeweekly.go
  - internal/sdk/pkg/models/shared/refreshschedulemodemonthly.go
  - internal/sdk/pkg/models/shared/updatescheduletypes.go
  - internal/sdk/pkg/models/shared/updateschedulemodeinterval.go
  - internal/sdk/pkg/models/shared/updateschedulemodehourly.go
  - internal/sdk/pkg/models/shared/updateschedulemodedaily.go
  - internal/sdk/pkg/models/shared/updateschedulemodeweekly.go
  - internal/sdk/pkg/models/shared/updateschedulemodemonthly.go
  - internal/sdk/pkg/models/shared/stopreason.go
  - internal/sdk/pkg/models/shared/parsingerrorsettings.go
  - internal/sdk/pkg/models/shared/user.go
  - internal/sdk/pkg/models/shared/destinationinfoandpipelineversions.go
  - internal/sdk/pkg/models/shared/schemachange.go
  - internal/sdk/pkg/models/shared/retentiondata.go
  - internal/sdk/pkg/models/shared/retentionpolicy.go
  - internal/sdk/pkg/models/shared/retentionbyday.go
  - internal/sdk/pkg/models/shared/retentiondayrowcount.go
  - internal/sdk/pkg/models/shared/parsingerrors.go
  - internal/sdk/pkg/models/shared/operationerrorsbyoperation.go
  - internal/sdk/pkg/models/shared/typeerrorsbycolumn.go
  - internal/sdk/pkg/models/shared/parsingerrorperday.go
  - internal/sdk/pkg/models/shared/destinationtypes.go
  - internal/sdk/pkg/models/shared/destinationredshift.go
  - internal/sdk/pkg/models/shared/distributionstyle.go
  - internal/sdk/pkg/models/shared/distributionstylekey.go
  - internal/sdk/pkg/models/shared/destinationsnowflake.go
  - internal/sdk/pkg/models/shared/destinationdeltalake.go
  - internal/sdk/pkg/models/shared/destinations3datalake.go
  - internal/sdk/pkg/models/shared/sourcetypes.go
  - internal/sdk/pkg/models/shared/sourceactivecampaign.go
  - internal/sdk/pkg/models/shared/sourcebigquery.go
  - internal/sdk/pkg/models/shared/sourcebingads.go
  - internal/sdk/pkg/models/shared/sourceblackline.go
  - internal/sdk/pkg/models/shared/sourcecriteo.go
  - internal/sdk/pkg/models/shared/sourcedb2.go
  - internal/sdk/pkg/models/shared/sourcedb2sharded.go
  - internal/sdk/pkg/models/shared/sourcedeltalake.go
  - internal/sdk/pkg/models/shared/sourceelasticsearch.go
  - internal/sdk/pkg/models/shared/sourceelluminate.go
  - internal/sdk/pkg/models/shared/sourceeloqua.go
  - internal/sdk/pkg/models/shared/sourcefacebookads.go
  - internal/sdk/pkg/models/shared/sourcefifteenfive.go
  - internal/sdk/pkg/models/shared/sourcefreshworks.go
  - internal/sdk/pkg/models/shared/sourceftp.go
  - internal/sdk/pkg/models/shared/sourcegong.go
  - internal/sdk/pkg/models/shared/sourcegoogleanalytics.go
  - internal/sdk/pkg/models/shared/sourcegoogleanalyticsga4.go
  - internal/sdk/pkg/models/shared/sourcegooglecloudstorage.go
  - internal/sdk/pkg/models/shared/sourcegoogleads.go
  - internal/sdk/pkg/models/shared/sourcegooglesheets.go
  - internal/sdk/pkg/models/shared/sourcehubspot.go
  - internal/sdk/pkg/models/shared/sourceintercom.go
  - internal/sdk/pkg/models/shared/sourceimpactradius.go
  - internal/sdk/pkg/models/shared/sourcejira.go
  - internal/sdk/pkg/models/shared/sourcejiraalign.go
  - internal/sdk/pkg/models/shared/sourcekafka.go
  - internal/sdk/pkg/models/shared/sourcekustomer.go
  - internal/sdk/pkg/models/shared/sourceldap.go
  - internal/sdk/pkg/models/shared/sourceldapvirtuallistview.go
  - internal/sdk/pkg/models/shared/sourcelinkedinads.go
  - internal/sdk/pkg/models/shared/sourcemarketo.go
  - internal/sdk/pkg/models/shared/sourcemixpanel.go
  - internal/sdk/pkg/models/shared/sourcemongodb.go
  - internal/sdk/pkg/models/shared/sourcemysql.go
  - internal/sdk/pkg/models/shared/sourcemysqlsharded.go
  - internal/sdk/pkg/models/shared/sourcenetsuite.go
  - internal/sdk/pkg/models/shared/sourcenetsuitev2.go
  - internal/sdk/pkg/models/shared/sourceoracle.go
  - internal/sdk/pkg/models/shared/sourceoraclesharded.go
  - internal/sdk/pkg/models/shared/sourceoutreach.go
  - internal/sdk/pkg/models/shared/sourceoutlook.go
  - internal/sdk/pkg/models/shared/sourcepinterestads.go
  - internal/sdk/pkg/models/shared/sourcepostgres.go
  - internal/sdk/pkg/models/shared/sourcepostgressharded.go
  - internal/sdk/pkg/models/shared/sourcequoraads.go
  - internal/sdk/pkg/models/shared/sourceravemedidata.go
  - internal/sdk/pkg/models/shared/sourcerecurly.go
  - internal/sdk/pkg/models/shared/sourceredshift.go
  - internal/sdk/pkg/models/shared/sourceredshiftsharded.go
  - internal/sdk/pkg/models/shared/sources3legacy.go
  - internal/sdk/pkg/models/shared/sources3input.go
  - internal/sdk/pkg/models/shared/sourcesalesforcemarketingcloud.go
  - internal/sdk/pkg/models/shared/sourcesaphana.go
  - internal/sdk/pkg/models/shared/sourcesaphanasharded.go
  - internal/sdk/pkg/models/shared/sourceseismic.go
  - internal/sdk/pkg/models/shared/sourceshopify.go
  - internal/sdk/pkg/models/shared/sourceskyward.go
  - internal/sdk/pkg/models/shared/sourcesalesforce.go
  - internal/sdk/pkg/models/shared/sourcesftp.go
  - internal/sdk/pkg/models/shared/sourcesqlserver.go
  - internal/sdk/pkg/models/shared/sourcesqlserversharded.go
  - internal/sdk/pkg/models/shared/sourcestreaming.go
  - internal/sdk/pkg/models/shared/sourcesnowflake.go
  - internal/sdk/pkg/models/shared/sourcesnowflakesharded.go
  - internal/sdk/pkg/models/shared/sourcesquare.go
  - internal/sdk/pkg/models/shared/sourcesnapchatads.go
  - internal/sdk/pkg/models/shared/sourcestripe.go
  - internal/sdk/pkg/models/shared/sourcesumtotal.go
  - internal/sdk/pkg/models/shared/sourcethetradedesk.go
  - internal/sdk/pkg/models/shared/sourcetiktokads.go
  - internal/sdk/pkg/models/shared/sourcetwilio.go
  - internal/sdk/pkg/models/shared/sourcetwitter.go
  - internal/sdk/pkg/models/shared/sourceuserdefinedapi.go
  - internal/sdk/pkg/models/shared/sourceuservoice.go
  - internal/sdk/pkg/models/shared/sourceveeva.go
  - internal/sdk/pkg/models/shared/sourceverizonmediadsp.go
  - internal/sdk/pkg/models/shared/sourceworkdayreport.go
  - internal/sdk/pkg/models/shared/sourceworkfront.go
  - internal/sdk/pkg/models/shared/sourcezendesk.go
  - internal/sdk/pkg/models/shared/sourcezoomphone.go
  - internal/sdk/pkg/models/shared/sourcezuora.go
  - internal/sdk/pkg/models/shared/pipelineupdate.go
  - internal/sdk/pkg/models/shared/destinationupdate.go
  - internal/sdk/pkg/models/shared/pipelinedelete.go
  - internal/sdk/pkg/models/shared/pipelinesoutput.go
  - internal/sdk/pkg/models/shared/pipelineinput.go
  - internal/sdk/pkg/models/shared/scriptorlegacyscriptinput.go
  - internal/sdk/pkg/models/shared/scriptinput.go
  - internal/sdk/pkg/models/shared/type.go
  - internal/sdk/pkg/models/shared/typedecimal.go
  - internal/sdk/pkg/models/shared/typestringwithmaxlength.go
  - internal/sdk/pkg/models/shared/transformtypes.go
  - internal/sdk/pkg/models/shared/transformaddfilepath.go
  - internal/sdk/pkg/models/shared/transformextractjsonfields.go
  - internal/sdk/pkg/models/shared/transformparquettorows.go
  - internal/sdk/pkg/models/shared/transformparsebyregex.go
  - internal/sdk/pkg/models/shared/transformrenamecolumns.go
  - internal/sdk/pkg/models/shared/legacyscriptinput.go
  - internal/sdk/pkg/models/shared/addscriptresponse.go
  - internal/sdk/pkg/models/shared/destinationandpipelineversions.go
  - internal/sdk/pkg/models/shared/scriptorlegacyscript.go
  - internal/sdk/pkg/models/shared/script.go
  - internal/sdk/pkg/models/shared/legacyscript.go
  - internal/sdk/pkg/models/shared/retracteventrequest.go
  - internal/sdk/pkg/models/shared/grantswithoutprivilegeoutputpaginated.go
  - internal/sdk/pkg/models/shared/grantwithoutprivilege.go
  - internal/sdk/pkg/models/shared/grantuser.go
  - internal/sdk/pkg/models/shared/grantteam.go
  - internal/sdk/pkg/models/shared/grantswithoutprivilegelist.go
  - internal/sdk/pkg/models/shared/grantswithoutprivilegelistinput.go
  - internal/sdk/pkg/models/shared/grantwithoutprivilegeinput.go
  - internal/sdk/pkg/models/shared/modelsoutput.go
  - internal/sdk/pkg/models/shared/modeloutput.go
  - internal/sdk/pkg/models/shared/modeldependency.go
  - internal/sdk/pkg/models/shared/queryandtriggers.go
  - internal/sdk/pkg/models/shared/warehousetypes.go
  - internal/sdk/pkg/models/shared/warehouseredshift.go
  - internal/sdk/pkg/models/shared/warehousesnowflake.go
  - internal/sdk/pkg/models/shared/modelinput.go
  - internal/sdk/pkg/models/shared/warehousetypesinput.go
  - internal/sdk/pkg/models/shared/modelupdate.go
  - internal/sdk/pkg/models/shared/warehouseupdatetypes.go
  - internal/sdk/pkg/models/shared/warehouseredshiftupdate.go
  - internal/sdk/pkg/models/shared/warehousesnowflakeupdate.go
  - internal/sdk/pkg/models/shared/modeldelete.go
  - internal/sdk/pkg/models/shared/connectionsoutput.go
  - internal/sdk/pkg/models/shared/connectiontypes.go
  - internal/sdk/pkg/models/shared/connectionactivecampaign.go
  - internal/sdk/pkg/models/shared/connectionbigquery.go
  - internal/sdk/pkg/models/shared/connectionbing.go
  - internal/sdk/pkg/models/shared/connectionblackline.go
  - internal/sdk/pkg/models/shared/connectioncriteo.go
  - internal/sdk/pkg/models/shared/connectiondb2.go
  - internal/sdk/pkg/models/shared/sshconfig.go
  - internal/sdk/pkg/models/shared/connectiondb2sharded.go
  - internal/sdk/pkg/models/shared/databaseshardoutput.go
  - internal/sdk/pkg/models/shared/connectiondeltalake.go
  - internal/sdk/pkg/models/shared/connectionelasticsearch.go
  - internal/sdk/pkg/models/shared/connectionelluminate.go
  - internal/sdk/pkg/models/shared/connectioneloqua.go
  - internal/sdk/pkg/models/shared/connectionfb.go
  - internal/sdk/pkg/models/shared/connectionfifteenfive.go
  - internal/sdk/pkg/models/shared/connectionfreshworks.go
  - internal/sdk/pkg/models/shared/connectionftp.go
  - internal/sdk/pkg/models/shared/connectionga.go
  - internal/sdk/pkg/models/shared/connectiongong.go
  - internal/sdk/pkg/models/shared/connectiongoogleads.go
  - internal/sdk/pkg/models/shared/connectiongoogleanalyticsga4.go
  - internal/sdk/pkg/models/shared/connectiongooglecloudstorage.go
  - internal/sdk/pkg/models/shared/connectiongooglesheets.go
  - internal/sdk/pkg/models/shared/connectionhubspot.go
  - internal/sdk/pkg/models/shared/connectionimpactradius.go
  - internal/sdk/pkg/models/shared/connectionintercom.go
  - internal/sdk/pkg/models/shared/connectionjiraalign.go
  - internal/sdk/pkg/models/shared/connectionkustomer.go
  - internal/sdk/pkg/models/shared/connectionldap.go
  - internal/sdk/pkg/models/shared/connectionlinkedinads.go
  - internal/sdk/pkg/models/shared/connectionmarketo.go
  - internal/sdk/pkg/models/shared/connectionmixpanel.go
  - internal/sdk/pkg/models/shared/connectionmysql.go
  - internal/sdk/pkg/models/shared/connectionmysqlsharded.go
  - internal/sdk/pkg/models/shared/connectionnetsuite.go
  - internal/sdk/pkg/models/shared/connectionnetsuitev2.go
  - internal/sdk/pkg/models/shared/connectionoracle.go
  - internal/sdk/pkg/models/shared/connectionoraclesharded.go
  - internal/sdk/pkg/models/shared/connectionoutlook.go
  - internal/sdk/pkg/models/shared/connectionoutreach.go
  - internal/sdk/pkg/models/shared/connectionpinterestads.go
  - internal/sdk/pkg/models/shared/connectionpostgres.go
  - internal/sdk/pkg/models/shared/connectionpostgressharded.go
  - internal/sdk/pkg/models/shared/connectionquora.go
  - internal/sdk/pkg/models/shared/connectionravemedidata.go
  - internal/sdk/pkg/models/shared/connectionrecurly.go
  - internal/sdk/pkg/models/shared/connectionredshift.go
  - internal/sdk/pkg/models/shared/connectionredshiftsharded.go
  - internal/sdk/pkg/models/shared/connections3datalake.go
  - internal/sdk/pkg/models/shared/connections3input.go
  - internal/sdk/pkg/models/shared/connectionsalesforce.go
  - internal/sdk/pkg/models/shared/connectionsalesforcemarketingcloud.go
  - internal/sdk/pkg/models/shared/connectionsaphana.go
  - internal/sdk/pkg/models/shared/connectionsaphanasharded.go
  - internal/sdk/pkg/models/shared/connectionseismic.go
  - internal/sdk/pkg/models/shared/connectionsftp.go
  - internal/sdk/pkg/models/shared/connectionshopify.go
  - internal/sdk/pkg/models/shared/connectionskyward.go
  - internal/sdk/pkg/models/shared/connectionsnapchatads.go
  - internal/sdk/pkg/models/shared/connectionsnowflake.go
  - internal/sdk/pkg/models/shared/connectionsnowflakesharded.go
  - internal/sdk/pkg/models/shared/snowflakeshardoutput.go
  - internal/sdk/pkg/models/shared/connectionsqlserver.go
  - internal/sdk/pkg/models/shared/connectionsqlserversharded.go
  - internal/sdk/pkg/models/shared/connectionsquare.go
  - internal/sdk/pkg/models/shared/connectionstripe.go
  - internal/sdk/pkg/models/shared/connectionsumtotal.go
  - internal/sdk/pkg/models/shared/connectionthetradedesk.go
  - internal/sdk/pkg/models/shared/connectiontiktokads.go
  - internal/sdk/pkg/models/shared/connectiontwilio.go
  - internal/sdk/pkg/models/shared/connectiontwitter.go
  - internal/sdk/pkg/models/shared/connectionuserdefinedapi.go
  - internal/sdk/pkg/models/shared/userdefinedapientity.go
  - internal/sdk/pkg/models/shared/headerparameters.go
  - internal/sdk/pkg/models/shared/queryparameters.go
  - internal/sdk/pkg/models/shared/pagingstrategy.go
  - internal/sdk/pkg/models/shared/cursoruripagingstrategy.go
  - internal/sdk/pkg/models/shared/offsetpagingstrategy.go
  - internal/sdk/pkg/models/shared/userdefinedapipipelinemode.go
  - internal/sdk/pkg/models/shared/userdefinedapireplacemode.go
  - internal/sdk/pkg/models/shared/extendedreplacemode.go
  - internal/sdk/pkg/models/shared/foreignkeycolumn.go
  - internal/sdk/pkg/models/shared/userdefinedapiupdatemode.go
  - internal/sdk/pkg/models/shared/watermarkkeyvaluepair.go
  - internal/sdk/pkg/models/shared/column.go
  - internal/sdk/pkg/models/shared/columntype.go
  - internal/sdk/pkg/models/shared/arraytype.go
  - internal/sdk/pkg/models/shared/attributestype.go
  - internal/sdk/pkg/models/shared/autotype.go
  - internal/sdk/pkg/models/shared/booleantype.go
  - internal/sdk/pkg/models/shared/datetype.go
  - internal/sdk/pkg/models/shared/datetimetype.go
  - internal/sdk/pkg/models/shared/entitytype.go
  - internal/sdk/pkg/models/shared/integertype.go
  - internal/sdk/pkg/models/shared/numbertype.go
  - internal/sdk/pkg/models/shared/extendednumbertype.go
  - internal/sdk/pkg/models/shared/stringtype.go
  - internal/sdk/pkg/models/shared/extendedstringtype.go
  - internal/sdk/pkg/models/shared/recordtype.go
  - internal/sdk/pkg/models/shared/timestampmillisecondstype.go
  - internal/sdk/pkg/models/shared/timestampsecondstype.go
  - internal/sdk/pkg/models/shared/authentication.go
  - internal/sdk/pkg/models/shared/basicauthentication.go
  - internal/sdk/pkg/models/shared/bearerauthentication.go
  - internal/sdk/pkg/models/shared/headerauthentication.go
  - internal/sdk/pkg/models/shared/connectionuservoice.go
  - internal/sdk/pkg/models/shared/connectionveeva.go
  - internal/sdk/pkg/models/shared/connectionverizonmedia.go
  - internal/sdk/pkg/models/shared/connectionworkdayreport.go
  - internal/sdk/pkg/models/shared/connectionworkfront.go
  - internal/sdk/pkg/models/shared/connectionzendesk.go
  - internal/sdk/pkg/models/shared/connectionzoomphone.go
  - internal/sdk/pkg/models/shared/connectionzuora.go
  - internal/sdk/pkg/models/shared/connectiontypesinput.go
  - internal/sdk/pkg/models/shared/databaseshard.go
  - internal/sdk/pkg/models/shared/connectionkafka.go
  - internal/sdk/pkg/models/shared/connectionldapvirtuallistview.go
  - internal/sdk/pkg/models/shared/connectionmongo.go
  - internal/sdk/pkg/models/shared/snowflakeshard.go
  - internal/sdk/pkg/models/shared/connectiondelete.go
  - internal/sdk/pkg/models/shared/grantswithprivilegeoutputpaginated.go
  - internal/sdk/pkg/models/shared/grantwithprivilege.go
  - internal/sdk/pkg/models/shared/grantswithprivilegelist.go
  - internal/sdk/pkg/models/shared/grantswithprivilegelistinput.go
  - internal/sdk/pkg/models/shared/grantwithprivilegeinput.go
  - internal/sdk/pkg/models/shared/grantwithprivilegeuser.go
  - internal/sdk/pkg/models/shared/grantwithprivilegeteam.go
  - internal/sdk/pkg/models/shared/grantprivilege.go
  - internal/sdk/pkg/models/shared/oauth2connectiontype.go
  - internal/sdk/pkg/models/shared/cdcrestarts.go
  - internal/sdk/pkg/models/shared/teamsoutput.go
  - internal/sdk/pkg/models/shared/teamoutput.go
  - internal/sdk/pkg/models/shared/teaminput.go
  - internal/sdk/pkg/models/shared/userinput.go
  - internal/sdk/pkg/models/shared/usersoutput.go
  - internal/sdk/pkg/models/shared/userlistitem.go
  - internal/sdk/pkg/models/shared/dbtscheduleoutput.go
  - internal/sdk/pkg/models/shared/dbtscheduleinput.go
  - internal/sdk/pkg/models/shared/dbtscheduleupdate.go
  - internal/sdk/pkg/models/shared/security.go
  - internal/provider/type_user.go
  - internal/provider/type_model_dependency.go
  - internal/provider/type_query_and_triggers.go
  - internal/provider/type_refresh_schedule_mode_daily.go
  - internal/provider/type_refresh_schedule_mode_hourly.go
  - internal/provider/type_refresh_schedule_mode_monthly.go
  - internal/provider/type_refresh_schedule_mode_never.go
  - internal/provider/type_refresh_schedule_mode_weekly.go
  - internal/provider/type_refresh_schedule_types.go
  - internal/provider/type_distribution_style_key.go
  - internal/provider/type_distribution_style.go
  - internal/provider/type_warehouse_redshift.go
  - internal/provider/type_warehouse_snowflake.go
  - internal/provider/type_warehouse_types_input.go
  - internal/provider/type_destination_delta_lake.go
  - internal/provider/type_destination_redshift.go
  - internal/provider/type_destination_s3_data_lake.go
  - internal/provider/type_destination_snowflake.go
  - internal/provider/type_destination_types.go
  - internal/provider/type_operation_errors_by_operation.go
  - internal/provider/type_parsing_error_per_day.go
  - internal/provider/type_type_errors_by_column.go
  - internal/provider/type_parsing_errors.go
  - internal/provider/type_retention_day_row_count.go
  - internal/provider/type_retention_by_day.go
  - internal/provider/type_retention_policy.go
  - internal/provider/type_retention_data.go
  - internal/provider/type_schema_change.go
  - internal/provider/type_destination_info_and_pipeline_versions.go
  - internal/provider/type_parsing_error_settings.go
  - internal/provider/type_legacy_script_input.go
  - internal/provider/type_type_decimal.go
  - internal/provider/type_type_string_with_max_length.go
  - internal/provider/type_type.go
  - internal/provider/type_transform_add_file_path.go
  - internal/provider/type_keys.go
  - internal/provider/type_transform_extract_json_fields.go
  - internal/provider/type_transform_parquet_to_rows.go
  - internal/provider/type_transform_parse_by_regex.go
  - internal/provider/type_columns.go
  - internal/provider/type_transform_rename_columns.go
  - internal/provider/type_transform_types.go
  - internal/provider/type_script_input.go
  - internal/provider/type_script_or_legacy_script_input.go
  - internal/provider/type_source_active_campaign.go
  - internal/provider/type_source_big_query.go
  - internal/provider/type_source_bing_ads.go
  - internal/provider/type_source_blackline.go
  - internal/provider/type_source_criteo.go
  - internal/provider/type_source_db2.go
  - internal/provider/type_source_db2_sharded.go
  - internal/provider/type_source_delta_lake.go
  - internal/provider/type_source_elastic_search.go
  - internal/provider/type_source_elluminate.go
  - internal/provider/type_source_eloqua.go
  - internal/provider/type_source_facebook_ads.go
  - internal/provider/type_source_fifteen_five.go
  - internal/provider/type_source_freshworks.go
  - internal/provider/type_source_ftp.go
  - internal/provider/type_source_gong.go
  - internal/provider/type_source_google_ads.go
  - internal/provider/type_source_google_analytics.go
  - internal/provider/type_source_google_analytics_ga4.go
  - internal/provider/type_source_google_cloud_storage.go
  - internal/provider/type_source_google_sheets.go
  - internal/provider/type_source_hubspot.go
  - internal/provider/type_source_impact_radius.go
  - internal/provider/type_source_intercom.go
  - internal/provider/type_source_jira.go
  - internal/provider/type_source_jira_align.go
  - internal/provider/type_source_kafka.go
  - internal/provider/type_source_kustomer.go
  - internal/provider/type_source_ldap.go
  - internal/provider/type_source_ldap_virtual_list_view.go
  - internal/provider/type_source_linked_in_ads.go
  - internal/provider/type_source_marketo.go
  - internal/provider/type_source_mixpanel.go
  - internal/provider/type_source_mongodb.go
  - internal/provider/type_source_mysql.go
  - internal/provider/type_source_mysql_sharded.go
  - internal/provider/type_source_netsuite.go
  - internal/provider/type_source_netsuite_v2.go
  - internal/provider/type_source_oracle.go
  - internal/provider/type_source_oracle_sharded.go
  - internal/provider/type_source_outlook.go
  - internal/provider/type_source_outreach.go
  - internal/provider/type_source_pinterest_ads.go
  - internal/provider/type_source_postgres.go
  - internal/provider/type_source_postgres_sharded.go
  - internal/provider/type_source_quora_ads.go
  - internal/provider/type_source_rave_medidata.go
  - internal/provider/type_source_recurly.go
  - internal/provider/type_source_redshift.go
  - internal/provider/type_source_redshift_sharded.go
  - internal/provider/type_source_s3_input.go
  - internal/provider/type_source_s3_legacy.go
  - internal/provider/type_source_salesforce.go
  - internal/provider/type_source_salesforce_marketing_cloud.go
  - internal/provider/type_source_sap_hana.go
  - internal/provider/type_source_sap_hana_sharded.go
  - internal/provider/type_source_seismic.go
  - internal/provider/type_source_sftp.go
  - internal/provider/type_source_shopify.go
  - internal/provider/type_source_skyward.go
  - internal/provider/type_source_snapchat_ads.go
  - internal/provider/type_source_snowflake.go
  - internal/provider/type_source_snowflake_sharded.go
  - internal/provider/type_source_sql_server.go
  - internal/provider/type_source_sql_server_sharded.go
  - internal/provider/type_source_square.go
  - internal/provider/type_source_streaming.go
  - internal/provider/type_source_stripe.go
  - internal/provider/type_source_sum_total.go
  - internal/provider/type_source_the_trade_desk.go
  - internal/provider/type_source_tik_tok_ads.go
  - internal/provider/type_source_twilio.go
  - internal/provider/type_source_twitter.go
  - internal/provider/type_source_user_defined_api.go
  - internal/provider/type_source_user_voice.go
  - internal/provider/type_source_veeva.go
  - internal/provider/type_source_verizon_media_dsp.go
  - internal/provider/type_source_workday_report.go
  - internal/provider/type_source_workfront.go
  - internal/provider/type_source_zendesk.go
  - internal/provider/type_source_zoom_phone.go
  - internal/provider/type_source_zuora.go
  - internal/provider/type_source_types.go
  - internal/provider/type_update_schedule_mode_interval.go
  - internal/provider/type_update_schedule_types.go
  - USAGE.md
  - internal/provider/provider.go
  - examples/provider/provider.tf
  - internal/provider/dbtschedule_resource.go
  - internal/provider/dbtschedule_resource_sdk.go
  - examples/resources/etleap_dbt_schedule/resource.tf
  - internal/provider/model_resource.go
  - internal/provider/model_resource_sdk.go
  - examples/resources/etleap_model/resource.tf
  - internal/provider/pipeline_resource.go
  - internal/provider/pipeline_resource_sdk.go
  - examples/resources/etleap_pipeline/resource.tf
  - internal/provider/team_resource.go
  - internal/provider/team_resource_sdk.go
  - examples/resources/etleap_team/resource.tf
  - internal/provider/dbtschedule_data_source.go
  - internal/provider/dbtschedule_data_source_sdk.go
  - examples/data-sources/etleap_dbt_schedule/data-source.tf
  - internal/provider/model_data_source.go
  - internal/provider/model_data_source_sdk.go
  - examples/data-sources/etleap_model/data-source.tf
  - internal/provider/pipeline_data_source.go
  - internal/provider/pipeline_data_source_sdk.go
  - examples/data-sources/etleap_pipeline/data-source.tf
  - internal/provider/team_data_source.go
  - internal/provider/team_data_source_sdk.go
  - examples/data-sources/etleap_team/data-source.tf
  - .gitattributes
